# Files vendored from other repositories and kept byte-equal to their source by
# vendor-sync.sh, one per line: LOCAL OWNER/REPO PATH COMMIT BLOB [manual]. Never edit a
# copy in place: change it at its source and let the weekly cascade bring it back. How it
# works: references/bump-cascade.md in https://github.com/rokokol/ci-skill
vendor-sync.sh rokokol/ci-skill templates/vendor-sync.sh fc54eb000b55d210a9a54fa619371418bf3121a6 176a58470c142a98cb6434a889b3e98fea266ad3
test/libs/vendor/GyverGFX/LICENSE GyverLibs/GyverGFX LICENSE 58b9dfe78af4df377662630b483662e8f67e3ab2 51a308e9653fb9836f5a1cb03a68c6f03974f28f
test/libs/vendor/EpoxyDuino/LICENSE bxparks/EpoxyDuino LICENSE 72fc3c50641bfb926a0ecf02d68ef6e6698743ad 796278c94b6eac5319d8cb132388b34ed4767d88
test/libs/vendor/microLED/LICENSE GyverLibs/microLED LICENSE 19defce2311a7e79e882a3d497d240a7a8982b77 353b7ee2f15e667de4ec02171a4f843e3c153760
test/libs/vendor/Adafruit_SSD1306/license.txt adafruit/Adafruit_SSD1306 license.txt d94f699451d72286357cba7259055ffff2c2940b f6a0f22b826f7a04b50dc56a09b79f1aac6a4cbe
test/libs/vendor/hd44780/license.txt duinoWitchery/hd44780 license.txt 27fd9d3809a92e744eef60b13dfcf4096c91cbe8 818433ecc0e094a4db1023c68b33f24344643ad8
test/libs/vendor/LiquidCrystal/LICENSE.txt arduino-libraries/LiquidCrystal LICENSE.txt 42022e0bb7e11829317467bab28ed42af23e0ee5 8000a6faacf471c537530805ab29523c7732e11a
test/libs/vendor/Adafruit_LED_Backpack/license.txt adafruit/Adafruit_LED_Backpack license.txt c4ec1328fda9e4cbf355f6e407346347b4d207e2 fee1e9c3114958a0cc170a044e195f38e89c2668
test/libs/vendor/Adafruit_BusIO/LICENSE adafruit/Adafruit_BusIO LICENSE 3b8364267c3ee6e16bad91bc2101aefbd5b5915f 860e3e28540ab79351cb14665f2078379596a094
test/libs/vendor/GyverOLED/LICENSE GyverLibs/GyverOLED LICENSE 0fc70748b1bbffc325263a8f38198371e310f9a9 51a308e9653fb9836f5a1cb03a68c6f03974f28f
test/libs/vendor/LedControl/LICENSE wayoda/LedControl LICENSE f86a18493e9594d7b7198bf894f529a1c79d5802 8d59812aa4ad2cbc4019ff968092161adc658f58
test/libs/vendor/TFT_eSPI/license.txt Bodmer/TFT_eSPI license.txt 16e37595040eac69cd628e4bffb56fc30cad6299 945224b2c4c65c44fb4ce6dd5c4204568c800940
test/libs/vendor/Adafruit-GFX-Library/license.txt adafruit/Adafruit-GFX-Library license.txt ac6d7c3869a693d406f77b9bfcd486b0673169f0 7492e93a134119acae08098a6f7fe1e81d1b3122
test/libs/vendor/MD_MAX72XX/LICENSE MajicDesigns/MD_MAX72XX LICENSE b852c70328f30a11ca2bd36149f18379feaddea2 4362b49151d7b34ef83b3067a8f9c9f877d72a0e
test/libs/vendor/u8g2/LICENSE olikraus/u8g2 LICENSE d6c8499c5f2707cac8eccd09fd8f677d12b17977 519ca424b0b75cf3a17e4437481f124be7573cc9
test/libs/vendor/GyverMAX7219/LICENSE GyverLibs/GyverMAX7219 LICENSE f60bc0007f28a8342933d4cd6f7a70cd2c35d26e 51a308e9653fb9836f5a1cb03a68c6f03974f28f
test/libs/vendor/EpoxyDuino/cores/epoxy/ bxparks/EpoxyDuino cores/epoxy/ 72fc3c50641bfb926a0ecf02d68ef6e6698743ad 63262613532d4cca3eacfe410fd7ef8d383ddec6
test/libs/vendor/EpoxyDuino/libraries/EpoxyMockFastLED/ bxparks/EpoxyDuino libraries/EpoxyMockFastLED/ 72fc3c50641bfb926a0ecf02d68ef6e6698743ad a4c04bf6080ed2f040ea5ff283fc2c792c014047
test/libs/vendor/TFT_eSPI/Fonts/ Bodmer/TFT_eSPI Fonts/ 16e37595040eac69cd628e4bffb56fc30cad6299 6fb3da0a6907158fe6bd0e48b63bd1d8a3721371
test/libs/vendor/TFT_eSPI/Extensions/ Bodmer/TFT_eSPI Extensions/ 16e37595040eac69cd628e4bffb56fc30cad6299 7826ee876c2f3645918dd05bda22915e3e553705
test/libs/vendor/Adafruit-GFX-Library/Adafruit_GFX.cpp adafruit/Adafruit-GFX-Library Adafruit_GFX.cpp ac6d7c3869a693d406f77b9bfcd486b0673169f0 ae26bf118cf8dbe8e48c9ee47d680314f739320a
test/libs/vendor/Adafruit-GFX-Library/Adafruit_GFX.h adafruit/Adafruit-GFX-Library Adafruit_GFX.h ac6d7c3869a693d406f77b9bfcd486b0673169f0 dd9dc0dcae8991307c88f6ae6a7038b8e76f1431
test/libs/vendor/Adafruit-GFX-Library/gfxfont.h adafruit/Adafruit-GFX-Library gfxfont.h ac6d7c3869a693d406f77b9bfcd486b0673169f0 175bad637ac214d8495a16758ded61b76ba324ff
test/libs/vendor/Adafruit-GFX-Library/glcdfont.c adafruit/Adafruit-GFX-Library glcdfont.c ac6d7c3869a693d406f77b9bfcd486b0673169f0 535da3a396867b55e88dcee7c806ec83f43bd9f3
test/libs/vendor/Adafruit_BusIO/Adafruit_I2CDevice.cpp adafruit/Adafruit_BusIO Adafruit_I2CDevice.cpp 3b8364267c3ee6e16bad91bc2101aefbd5b5915f 2633cf11fed82dad9d775b1ba6b0ac18ec2995ba
test/libs/vendor/Adafruit_BusIO/Adafruit_I2CDevice.h adafruit/Adafruit_BusIO Adafruit_I2CDevice.h 3b8364267c3ee6e16bad91bc2101aefbd5b5915f 6bda7bae205beb76eb8238a9e52c194c94ba1ed3
test/libs/vendor/Adafruit_BusIO/Adafruit_SPIDevice.cpp adafruit/Adafruit_BusIO Adafruit_SPIDevice.cpp 3b8364267c3ee6e16bad91bc2101aefbd5b5915f 3283de66548031ec687edeb381ec9d4174527236
test/libs/vendor/Adafruit_BusIO/Adafruit_SPIDevice.h adafruit/Adafruit_BusIO Adafruit_SPIDevice.h 3b8364267c3ee6e16bad91bc2101aefbd5b5915f 82a0281557474238fce8a70de2e1811ead141c8c
test/libs/vendor/Adafruit_LED_Backpack/Adafruit_LEDBackpack.cpp adafruit/Adafruit_LED_Backpack Adafruit_LEDBackpack.cpp c4ec1328fda9e4cbf355f6e407346347b4d207e2 087fd9c048621ba00607f7f3e8fd6e24eed2c1be
test/libs/vendor/Adafruit_LED_Backpack/Adafruit_LEDBackpack.h adafruit/Adafruit_LED_Backpack Adafruit_LEDBackpack.h c4ec1328fda9e4cbf355f6e407346347b4d207e2 8b5f086b68d64855d5fcde775fa9e24daa13f3be
test/libs/vendor/Adafruit_SSD1306/Adafruit_SSD1306.cpp adafruit/Adafruit_SSD1306 Adafruit_SSD1306.cpp d94f699451d72286357cba7259055ffff2c2940b cec28ef1d67ead21440c6a5d6ccf403a900b2440
test/libs/vendor/Adafruit_SSD1306/Adafruit_SSD1306.h adafruit/Adafruit_SSD1306 Adafruit_SSD1306.h d94f699451d72286357cba7259055ffff2c2940b 332f735b9a4e5b3f5bbb137b335417bd01d257a8
test/libs/vendor/Adafruit_SSD1306/splash.h adafruit/Adafruit_SSD1306 splash.h d94f699451d72286357cba7259055ffff2c2940b dae244d65c9c850b4f61fad250a322ca07cb750d
test/libs/vendor/GyverGFX/src/GyverGFX.h GyverLibs/GyverGFX src/GyverGFX.h 58b9dfe78af4df377662630b483662e8f67e3ab2 9322a144b5ab2da69535d8c78ce4420cb65f9da0
test/libs/vendor/GyverGFX/src/fonts/font5x8.h GyverLibs/GyverGFX src/fonts/font5x8.h 58b9dfe78af4df377662630b483662e8f67e3ab2 4127f21eeb0e9b8a934913c08d1c4c0e9ad5bad1
test/libs/vendor/GyverGFX/src/fonts/icons8x8.h GyverLibs/GyverGFX src/fonts/icons8x8.h 58b9dfe78af4df377662630b483662e8f67e3ab2 5f679e1cd88ba98bba91f3bbee5fdb60bb169fb0
test/libs/vendor/GyverMAX7219/src/GyverMAX7219.h GyverLibs/GyverMAX7219 src/GyverMAX7219.h f60bc0007f28a8342933d4cd6f7a70cd2c35d26e 4ee605dd6d6101eb260dbd2e99b4d3979e6cc99e
test/libs/vendor/GyverOLED/src/GyverOLED.h GyverLibs/GyverOLED src/GyverOLED.h 0fc70748b1bbffc325263a8f38198371e310f9a9 f37aca7dd15532dd64b91cd322c851724b1d125a
test/libs/vendor/GyverOLED/src/charMap.h GyverLibs/GyverOLED src/charMap.h 0fc70748b1bbffc325263a8f38198371e310f9a9 5a65a1800bad6cbdc27c37fa380d9c57b4148e8f
test/libs/vendor/LedControl/src/LedControl.cpp wayoda/LedControl src/LedControl.cpp f86a18493e9594d7b7198bf894f529a1c79d5802 e43211fd8ca84aa9661e14d297c62e6f4c8c46e2
test/libs/vendor/LedControl/src/LedControl.h wayoda/LedControl src/LedControl.h f86a18493e9594d7b7198bf894f529a1c79d5802 cdfaa1f5a3cb08f133a679b46ca4168b6c6ac562
test/libs/vendor/LiquidCrystal/src/LiquidCrystal.cpp arduino-libraries/LiquidCrystal src/LiquidCrystal.cpp 42022e0bb7e11829317467bab28ed42af23e0ee5 67bd06d47807f238976ed7ec60114fcd92845a3a
test/libs/vendor/LiquidCrystal/src/LiquidCrystal.h arduino-libraries/LiquidCrystal src/LiquidCrystal.h 42022e0bb7e11829317467bab28ed42af23e0ee5 f0630868d1cc677624f6c0c4d88e4ee74665a810
test/libs/vendor/MD_MAX72XX/src/MD_MAX72xx.cpp MajicDesigns/MD_MAX72XX src/MD_MAX72xx.cpp b852c70328f30a11ca2bd36149f18379feaddea2 1a65d7c1fa2b02e613b80fdc4b1f39573bd73dd7
test/libs/vendor/MD_MAX72XX/src/MD_MAX72xx.h MajicDesigns/MD_MAX72XX src/MD_MAX72xx.h b852c70328f30a11ca2bd36149f18379feaddea2 bf2fb85819e393f4fb859d943cf987cca9d40229
test/libs/vendor/MD_MAX72XX/src/MD_MAX72xx_buf.cpp MajicDesigns/MD_MAX72XX src/MD_MAX72xx_buf.cpp b852c70328f30a11ca2bd36149f18379feaddea2 7ab4d9c49f9951f55f319b6f44f7e02a7d34b5c3
test/libs/vendor/MD_MAX72XX/src/MD_MAX72xx_font.cpp MajicDesigns/MD_MAX72XX src/MD_MAX72xx_font.cpp b852c70328f30a11ca2bd36149f18379feaddea2 07d172af68bde19ce9ffe2a776924500d4cca46d
test/libs/vendor/MD_MAX72XX/src/MD_MAX72xx_lib.h MajicDesigns/MD_MAX72XX src/MD_MAX72xx_lib.h b852c70328f30a11ca2bd36149f18379feaddea2 87f9bfb0cfbedb788ae4e8223876c3191fc137b3
test/libs/vendor/MD_MAX72XX/src/MD_MAX72xx_pix.cpp MajicDesigns/MD_MAX72XX src/MD_MAX72xx_pix.cpp b852c70328f30a11ca2bd36149f18379feaddea2 fd57906f25d86f78c696f6f5454a4388e3d0a349
test/libs/vendor/TFT_eSPI/Processors/TFT_eSPI_Generic.c Bodmer/TFT_eSPI Processors/TFT_eSPI_Generic.c 16e37595040eac69cd628e4bffb56fc30cad6299 1c2287b327484f27e97ed7603c0813e309d6cdc1
test/libs/vendor/TFT_eSPI/Processors/TFT_eSPI_Generic.h Bodmer/TFT_eSPI Processors/TFT_eSPI_Generic.h 16e37595040eac69cd628e4bffb56fc30cad6299 df7981d35c0133e56f27d4d02a6890f1ab06c683
test/libs/vendor/TFT_eSPI/TFT_Drivers/ILI9341_Defines.h Bodmer/TFT_eSPI TFT_Drivers/ILI9341_Defines.h 16e37595040eac69cd628e4bffb56fc30cad6299 94ce1ef5f423003d3f3efd33137e18f7b0bcbac5
test/libs/vendor/TFT_eSPI/TFT_Drivers/ILI9341_Init.h Bodmer/TFT_eSPI TFT_Drivers/ILI9341_Init.h 16e37595040eac69cd628e4bffb56fc30cad6299 05a5dda3e53f607721003a301de0c86edc626ad8
test/libs/vendor/TFT_eSPI/TFT_Drivers/ILI9341_Rotation.h Bodmer/TFT_eSPI TFT_Drivers/ILI9341_Rotation.h 16e37595040eac69cd628e4bffb56fc30cad6299 f31b9df4004c902ab2ec9202f55d0dcac7e0ac88
test/libs/vendor/TFT_eSPI/TFT_eSPI.cpp Bodmer/TFT_eSPI TFT_eSPI.cpp 16e37595040eac69cd628e4bffb56fc30cad6299 4860965bf0ec56ec33edac007306194203e2d866
test/libs/vendor/TFT_eSPI/TFT_eSPI.h Bodmer/TFT_eSPI TFT_eSPI.h 16e37595040eac69cd628e4bffb56fc30cad6299 53a7231d24482918c5e4db5d2b8ef1dd2acf1f39
test/libs/vendor/TFT_eSPI/User_Setup.h Bodmer/TFT_eSPI User_Setup.h 16e37595040eac69cd628e4bffb56fc30cad6299 a0123318c9453ee62de17e75dddcbb6bc76354dd
test/libs/vendor/TFT_eSPI/User_Setup_Select.h Bodmer/TFT_eSPI User_Setup_Select.h 16e37595040eac69cd628e4bffb56fc30cad6299 2e3e018f8073a9bbed5159a9738bcaa32003d959
test/libs/vendor/TFT_eSPI/User_Setups/User_Custom_Fonts.h Bodmer/TFT_eSPI User_Setups/User_Custom_Fonts.h 16e37595040eac69cd628e4bffb56fc30cad6299 004ac54ebeebae7214f7fc0e2eec72804adca989
test/libs/vendor/hd44780/hd44780.cpp duinoWitchery/hd44780 hd44780.cpp 27fd9d3809a92e744eef60b13dfcf4096c91cbe8 a7914e57d8d16ea26beb02a7841fc8e1b0acfd32
test/libs/vendor/hd44780/hd44780.h duinoWitchery/hd44780 hd44780.h 27fd9d3809a92e744eef60b13dfcf4096c91cbe8 e0916872d4f5e12f3d4dde37a56d2a5b4b0abae2
test/libs/vendor/hd44780/hd44780ioClass/hd44780_pinIO.h duinoWitchery/hd44780 hd44780ioClass/hd44780_pinIO.h 27fd9d3809a92e744eef60b13dfcf4096c91cbe8 6f6eb992e1144539146bd6720904b322083af8e2
test/libs/vendor/microLED/src/color_utility.cpp GyverLibs/microLED src/color_utility.cpp 19defce2311a7e79e882a3d497d240a7a8982b77 cbd90424d072bb6f5b86579c317093ecd4380d40
test/libs/vendor/microLED/src/color_utility.h GyverLibs/microLED src/color_utility.h 19defce2311a7e79e882a3d497d240a7a8982b77 af97ce7866864ab6c325a394464e34495dab1268
test/libs/vendor/microLED/src/microLED.h GyverLibs/microLED src/microLED.h 19defce2311a7e79e882a3d497d240a7a8982b77 07d98ba79c91cb76c2b4badd9e7d8cfee8eea416
test/libs/vendor/microLED/src/types.h GyverLibs/microLED src/types.h 19defce2311a7e79e882a3d497d240a7a8982b77 430a8ca478b4f50b2c0c0661e594821d7cac65d4
test/libs/vendor/u8g2/cppsrc/U8g2lib.h olikraus/u8g2 cppsrc/U8g2lib.h d6c8499c5f2707cac8eccd09fd8f677d12b17977 ef58b3a15b0b2785d6a351ed051ed320dc1bc822
test/libs/vendor/u8g2/cppsrc/U8x8lib.h olikraus/u8g2 cppsrc/U8x8lib.h d6c8499c5f2707cac8eccd09fd8f677d12b17977 e8fa2752418d0982819e19e8053226ee1b4a7957
test/libs/vendor/u8g2/csrc/u8g2.h olikraus/u8g2 csrc/u8g2.h d6c8499c5f2707cac8eccd09fd8f677d12b17977 1b94443d15298469a3cde2c6ef98056fdc580f9a
test/libs/vendor/u8g2/csrc/u8g2_bitmap.c olikraus/u8g2 csrc/u8g2_bitmap.c d6c8499c5f2707cac8eccd09fd8f677d12b17977 e1df2745535db99fa8bd705dd697b6ee71855dd0
test/libs/vendor/u8g2/csrc/u8g2_buffer.c olikraus/u8g2 csrc/u8g2_buffer.c d6c8499c5f2707cac8eccd09fd8f677d12b17977 9aee96d4af24abe9a7198b195f01165f4940dacb
test/libs/vendor/u8g2/csrc/u8g2_cleardisplay.c olikraus/u8g2 csrc/u8g2_cleardisplay.c d6c8499c5f2707cac8eccd09fd8f677d12b17977 867ed599d4f8108c55f288d889c4f502f08a8d30
test/libs/vendor/u8g2/csrc/u8g2_font.c olikraus/u8g2 csrc/u8g2_font.c d6c8499c5f2707cac8eccd09fd8f677d12b17977 5efe7ad0e9a2dcc4a1cd87028d5daec2e4ef6d00
test/libs/vendor/u8g2/csrc/u8g2_hvline.c olikraus/u8g2 csrc/u8g2_hvline.c d6c8499c5f2707cac8eccd09fd8f677d12b17977 a98374e2ff2d8e1eaca1dcf0fa35ba6b09ab40be
test/libs/vendor/u8g2/csrc/u8g2_intersection.c olikraus/u8g2 csrc/u8g2_intersection.c d6c8499c5f2707cac8eccd09fd8f677d12b17977 7079eea434a0a06e6261b7e69fdbc3d45a0cc1ac
test/libs/vendor/u8g2/csrc/u8g2_kerning.c olikraus/u8g2 csrc/u8g2_kerning.c d6c8499c5f2707cac8eccd09fd8f677d12b17977 f42f209886c9a04ff6c24c06bfd8fb7ec04649de
test/libs/vendor/u8g2/csrc/u8g2_ll_hvline.c olikraus/u8g2 csrc/u8g2_ll_hvline.c d6c8499c5f2707cac8eccd09fd8f677d12b17977 72d7c0c85537b530d16092353d82f655456cbf88
test/libs/vendor/u8g2/csrc/u8g2_setup.c olikraus/u8g2 csrc/u8g2_setup.c d6c8499c5f2707cac8eccd09fd8f677d12b17977 4d84a908c2d3652ddd174ca6713c9cede70a4ec0
test/libs/vendor/u8g2/csrc/u8x8.h olikraus/u8g2 csrc/u8x8.h d6c8499c5f2707cac8eccd09fd8f677d12b17977 b731f3bd490b06aa074f186ed625263245d3122f
test/libs/vendor/u8g2/csrc/u8x8_8x8.c olikraus/u8g2 csrc/u8x8_8x8.c d6c8499c5f2707cac8eccd09fd8f677d12b17977 7e1c873a483c027a393635d5c973b85eb10d6938
test/libs/vendor/u8g2/csrc/u8x8_byte.c olikraus/u8g2 csrc/u8x8_byte.c d6c8499c5f2707cac8eccd09fd8f677d12b17977 c90a3db84e314f1ee4e4b021e08c6bc337e46920
test/libs/vendor/u8g2/csrc/u8x8_cad.c olikraus/u8g2 csrc/u8x8_cad.c d6c8499c5f2707cac8eccd09fd8f677d12b17977 5df0525b44515b0ef0ed3eaaada656389a21e9b9
test/libs/vendor/u8g2/csrc/u8x8_capture.c olikraus/u8g2 csrc/u8x8_capture.c d6c8499c5f2707cac8eccd09fd8f677d12b17977 78014e8473539a0ab655e4d16d683d7b55bb0a77
test/libs/vendor/u8g2/csrc/u8x8_display.c olikraus/u8g2 csrc/u8x8_display.c d6c8499c5f2707cac8eccd09fd8f677d12b17977 d1279b69ac06926a42d0d3544956fc3557d4666d
test/libs/vendor/u8g2/csrc/u8x8_gpio.c olikraus/u8g2 csrc/u8x8_gpio.c d6c8499c5f2707cac8eccd09fd8f677d12b17977 b89a88a123de46c2eed450601a172f02519f9f1a
test/libs/vendor/u8g2/csrc/u8x8_setup.c olikraus/u8g2 csrc/u8x8_setup.c d6c8499c5f2707cac8eccd09fd8f677d12b17977 072da9fadaea3229ada5fca37621d37bb1c8c285
test/libs/vendor/u8g2/csrc/u8x8_u16toa.c olikraus/u8g2 csrc/u8x8_u16toa.c d6c8499c5f2707cac8eccd09fd8f677d12b17977 0cedde8526a916c702785e4a7036381995366845
test/libs/vendor/u8g2/sys/bitmap/common/u8x8_d_bitmap.c olikraus/u8g2 sys/bitmap/common/u8x8_d_bitmap.c d6c8499c5f2707cac8eccd09fd8f677d12b17977 5fad80d58c7177894e8496d3a16056097b6319dd
check-pins.sh rokokol/ci-skill templates/check-pins.sh fc54eb000b55d210a9a54fa619371418bf3121a6 c86f8288606d532f7982206eea8e8a310315d7f6
.github/workflows/vendor-sync.yml rokokol/ci-skill templates/github/workflows/vendor-sync.yml fc54eb000b55d210a9a54fa619371418bf3121a6 a5bde77f98d55a43b2c993f4c96a952e0b68010d manual
assets/font5x8.h GyverLibs/GyverGFX src/fonts/font5x8.h 58b9dfe78af4df377662630b483662e8f67e3ab2 4127f21eeb0e9b8a934913c08d1c4c0e9ad5bad1
assets/GyverGFX-LICENSE GyverLibs/GyverGFX LICENSE 58b9dfe78af4df377662630b483662e8f67e3ab2 51a308e9653fb9836f5a1cb03a68c6f03974f28f
assets/glcdfont.c adafruit/Adafruit-GFX-Library glcdfont.c ac6d7c3869a693d406f77b9bfcd486b0673169f0 535da3a396867b55e88dcee7c806ec83f43bd9f3
assets/Adafruit-GFX-license.txt adafruit/Adafruit-GFX-Library license.txt ac6d7c3869a693d406f77b9bfcd486b0673169f0 7492e93a134119acae08098a6f7fe1e81d1b3122
assets/ddlc-ui.css rokokol/ddlc-themes dist/ddlc-ui.css 816e548315b11703460e3ba706bdf4b686f2ac32 8847d9565858e8459206e870816932eeb0826ca9
assets/ddlc-theme.js rokokol/ddlc-themes dist/ddlc-theme.js b06ac2320866c090f467f98e510b4e6a15d6d74b 12ec9eda878a5794061bb7bd21d71dd4feddd045
assets/ddlc-cloud.js rokokol/ddlc-themes dist/ddlc-cloud.js b06ac2320866c090f467f98e510b4e6a15d6d74b 981b9b58d7b5be7a61f2b7b4ab06c6d3b5a9fdf8
assets/DepartureMono-Regular.woff2 rokokol/ddlc-themes dist/DepartureMono-Regular.woff2 b06ac2320866c090f467f98e510b4e6a15d6d74b b4a23dc1dad1c934005d0862e62c0294636afb08
assets/DepartureMono-LICENSE.txt rokokol/ddlc-themes dist/DepartureMono-LICENSE.txt b06ac2320866c090f467f98e510b4e6a15d6d74b de52476183807bbfc04e8ae7bced1dc9cbcbfd2f
